
Microsoft Visual Studio Solution File, Format Version 12.00
# Visual Studio Version 17
VisualStudioVersion = 17.5.002.0
MinimumVisualStudioVersion = 10.0.40219.1
Project("{9A19103F-16F7-4668-BE54-9A1E7A4F7556}") = "Bucci.Marco.4i.CLISlotMachine", "Bucci.Marco.4i.CLISlotMachine\Bucci.Marco.4i.CLISlotMachine.csproj", "{8BD31DD7-7124-4AC5-968F-B9EE50A4452B}"
EndProject
Project("{9A19103F-16F7-4668-BE54-9A1E7A4F7556}") = "Bucci.Marco.4i.WPFSlotMachine", "Bucci.Marco.4i.WPFSlotMachine\Bucci.Marco.4i.WPFSlotMachine.csproj", "{F192F36D-1EBF-45ED-AF04-ADB87056EC1F}"
EndProject
Project("{FAE04EC0-301F-11D3-BF4B-00C04F79EFBC}") = "Bucci.Marco.4i.LibSlotMachine", "Bucci.Marco.4i.LibSlotMachine\Bucci.Marco.4i.LibSlotMachine.csproj", "{A005A180-5084-4F86-BF83-342AAC2EBD75}"
EndProject
Global
	GlobalSection(SolutionConfigurationPlatforms) = preSolution
		Debug|Any CPU = Debug|Any CPU
		Release|Any CPU = Release|Any CPU
	EndGlobalSection
	GlobalSection(ProjectConfigurationPlatforms) = postSolution
		{8BD31DD7-7124-4AC5-968F-B9EE50A4452B}.Debug|Any CPU.ActiveCfg = Debug|Any CPU
		{8BD31DD7-7124-4AC5-968F-B9EE50A4452B}.Debug|Any CPU.Build.0 = Debug|Any CPU
		{8BD31DD7-7124-4AC5-968F-B9EE50A4452B}.Release|Any CPU.ActiveCfg = Release|Any CPU
		{8BD31DD7-7124-4AC5-968F-B9EE50A4452B}.Release|Any CPU.Build.0 = Release|Any CPU
		{F192F36D-1EBF-45ED-AF04-ADB87056EC1F}.Debug|Any CPU.ActiveCfg = Debug|Any CPU
		{F192F36D-1EBF-45ED-AF04-ADB87056EC1F}.Debug|Any CPU.Build.0 = Debug|Any CPU
		{F192F36D-1EBF-45ED-AF04-ADB87056EC1F}.Release|Any CPU.ActiveCfg = Release|Any CPU
		{F192F36D-1EBF-45ED-AF04-ADB87056EC1F}.Release|Any CPU.Build.0 = Release|Any CPU
		{A005A180-5084-4F86-BF83-342AAC2EBD75}.Debug|Any CPU.ActiveCfg = Debug|Any CPU
		{A005A180-5084-4F86-BF83-342AAC2EBD75}.Debug|Any CPU.Build.0 = Debug|Any CPU
		{A005A180-5084-4F86-BF83-342AAC2EBD75}.Release|Any CPU.ActiveCfg = Release|Any CPU
		{A005A180-5084-4F86-BF83-342AAC2EBD75}.Release|Any CPU.Build.0 = Release|Any CPU
	EndGlobalSection
	GlobalSection(SolutionProperties) = preSolution
		HideSolutionNode = FALSE
	EndGlobalSection
	GlobalSection(ExtensibilityGlobals) = postSolution
		SolutionGuid = {ADB1B8C5-FDBD-498F-972C-EFF847A4138F}
	EndGlobalSection
EndGlobal
